// !$*UTF8*$!
{
	archiveVersion = 1;
	classes = {
	};
	objectVersion = 46;
	objects = {

/* Begin PBXBuildFile section */
		04B5AB7B1AC99BE3008538E7 /* MyCollectionViewCell.m in Sources */ = {isa = PBXBuildFile; fileRef = 04B5AB7A1AC99BE3008538E7 /* MyCollectionViewCell.m */; };
		04B5AB7D1AC99BF2008538E7 /* MyCollectionViewCell.xib in Resources */ = {isa = PBXBuildFile; fileRef = 04B5AB7C1AC99BF2008538E7 /* MyCollectionViewCell.xib */; };
		04BA25D61AC978E900FC4593 /* main.m in Sources */ = {isa = PBXBuildFile; fileRef = 04BA25D51AC978E900FC4593 /* main.m */; };
		04BA25D91AC978E900FC4593 /* AppDelegate.m in Sources */ = {isa = PBXBuildFile; fileRef = 04BA25D81AC978E900FC4593 /* AppDelegate.m */; };
		04BA25DF1AC978E900FC4593 /* Main.storyboard in Resources */ = {isa = PBXBuildFile; fileRef = 04BA25DD1AC978E900FC4593 /* Main.storyboard */; };
		04BA25E11AC978E900FC4593 /* Images.xcassets in Resources */ = {isa = PBXBuildFile; fileRef = 04BA25E01AC978E900FC4593 /* Images.xcassets */; };
		04BA25E41AC978E900FC4593 /* LaunchScreen.xib in Resources */ = {isa = PBXBuildFile; fileRef = 04BA25E21AC978E900FC4593 /* LaunchScreen.xib */; };
		04BA25F01AC978E900FC4593 /* uicollectionviewTests.m in Sources */ = {isa = PBXBuildFile; fileRef = 04BA25EF1AC978E900FC4593 /* uicollectionviewTests.m */; };
		04BA25FB1AC97A8D00FC4593 /* MyCollectionViewController.m in Sources */ = {isa = PBXBuildFile; fileRef = 04BA25FA1AC97A8D00FC4593 /* MyCollectionViewController.m */; };
/* End PBXBuildFile section */

/* Begin PBXContainerItemProxy section */
		04BA25EA1AC978E900FC4593 /* PBXContainerItemProxy */ = {
			isa = PBXContainerItemProxy;
			containerPortal = 04BA25C81AC978E900FC4593 /* Project object */;
			proxyType = 1;
			remoteGlobalIDString = 04BA25CF1AC978E900FC4593;
			remoteInfo = uicollectionview;
		};
/* End PBXContainerItemProxy section */

/* Begin PBXFileReference section */
		04B5AB791AC99BE3008538E7 /* MyCollectionViewCell.h */ = {isa = PBXFileReference; fileEncoding = 4; lastKnownFileType = sourcecode.c.h; path = MyCollectionViewCell.h; sourceTree = "<group>"; };
		04B5AB7A1AC99BE3008538E7 /* MyCollectionViewCell.m */ = {isa = PBXFileReference; fileEncoding = 4; lastKnownFileType = sourcecode.c.objc; path = MyCollectionViewCell.m; sourceTree = "<group>"; };
		04B5AB7C1AC99BF2008538E7 /* MyCollectionViewCell.xib */ = {isa = PBXFileReference; fileEncoding = 4; lastKnownFileType = file.xib; path = MyCollectionViewCell.xib; sourceTree = "<group>"; };
		04BA25D01AC978E900FC4593 /* uicollectionview.app */ = {isa = PBXFileReference; explicitFileType = wrapper.application; includeInIndex = 0; path = uicollectionview.app; sourceTree = BUILT_PRODUCTS_DIR; };
		04BA25D41AC978E900FC4593 /* Info.plist */ = {isa = PBXFileReference; lastKnownFileType = text.plist.xml; path = Info.plist; sourceTree = "<group>"; };
		04BA25D51AC978E900FC4593 /* main.m */ = {isa = PBXFileReference; lastKnownFileType = sourcecode.c.objc; path = main.m; sourceTree = "<group>"; };
		04BA25D71AC978E900FC4593 /* AppDelegate.h */ = {isa = PBXFileReference; lastKnownFileType = sourcecode.c.h; path = AppDelegate.h; sourceTree = "<group>"; };
		04BA25D81AC978E900FC4593 /* AppDelegate.m */ = {isa = PBXFileReference; lastKnownFileType = sourcecode.c.objc; path = AppDelegate.m; sourceTree = "<group>"; };
		04BA25DE1AC978E900FC4593 /* Base */ = {isa = PBXFileReference; lastKnownFileType = file.storyboard; name = Base; path = Base.lproj/Main.storyboard; sourceTree = "<group>"; };
		04BA25E01AC978E900FC4593 /* Images.xcassets */ = {isa = PBXFileReference; lastKnownFileType = folder.assetcatalog; path = Images.xcassets; sourceTree = "<group>"; };
		04BA25E31AC978E900FC4593 /* Base */ = {isa = PBXFileReference; lastKnownFileType = file.xib; name = Base; path = Base.lproj/LaunchScreen.xib; sourceTree = "<group>"; };
		04BA25E91AC978E900FC4593 /* uicollectionviewTests.xctest */ = {isa = PBXFileReference; explicitFileType = wrapper.cfbundle; includeInIndex = 0; path = uicollectionviewTests.xctest; sourceTree = BUILT_PRODUCTS_DIR; };
		04BA25EE1AC978E900FC4593 /* Info.plist */ = {isa = PBXFileReference; lastKnownFileType = text.plist.xml; path = Info.plist; sourceTree = "<group>"; };
		04BA25EF1AC978E900FC4593 /* uicollectionviewTests.m */ = {isa = PBXFileReference; lastKnownFileType = sourcecode.c.objc; path = uicollectionviewTests.m; sourceTree = "<group>"; };
		04BA25F91AC97A8D00FC4593 /* MyCollectionViewController.h */ = {isa = PBXFileReference; fileEncoding = 4; lastKnownFileType = sourcecode.c.h; path = MyCollectionViewController.h; sourceTree = "<group>"; };
		04BA25FA1AC97A8D00FC4593 /* MyCollectionViewController.m */ = {isa = PBXFileReference; fileEncoding = 4; lastKnownFileType = sourcecode.c.objc; path = MyCollectionViewController.m; sourceTree = "<group>"; };
/* End PBXFileReference section */

/* Begin PBXFrameworksBuildPhase section */
		04BA25CD1AC978E900FC4593 /* Frameworks */ = {
			isa = PBXFrameworksBuildPhase;
			buildActionMask = 2147483647;
			files = (
			);
			runOnlyForDeploymentPostprocessing = 0;
		};
		04BA25E61AC978E900FC4593 /* Frameworks */ = {
			isa = PBXFrameworksBuildPhase;
			buildActionMask = 2147483647;
			files = (
			);
			runOnlyForDeploymentPostprocessing = 0;
		};
/* End PBXFrameworksBuildPhase section */

/* Begin PBXGroup section */
		04BA25C71AC978E900FC4593 = {
			isa = PBXGroup;
			children = (
				04BA25D21AC978E900FC4593 /* uicollectionview */,
				04BA25EC1AC978E900FC4593 /* uicollectionviewTests */,
				04BA25D11AC978E900FC4593 /* Products */,
			);
			sourceTree = "<group>";
		};
		04BA25D11AC978E900FC4593 /* Products */ = {
			isa = PBXGroup;
			children = (
				04BA25D01AC978E900FC4593 /* uicollectionview.app */,
				04BA25E91AC978E900FC4593 /* uicollectionviewTests.xctest */,
			);
			name = Products;
			sourceTree = "<group>";
		};
		04BA25D21AC978E900FC4593 /* uicollectionview */ = {
			isa = PBXGroup;
			children = (
				04BA25D71AC978E900FC4593 /* AppDelegate.h */,
				04BA25D81AC978E900FC4593 /* AppDelegate.m */,
				04BA25DD1AC978E900FC4593 /* Main.storyboard */,
				04BA25E01AC978E900FC4593 /* Images.xcassets */,
				04BA25E21AC978E900FC4593 /* LaunchScreen.xib */,
				04BA25D31AC978E900FC4593 /* Supporting Files */,
				04BA25F91AC97A8D00FC4593 /* MyCollectionViewController.h */,
				04BA25FA1AC97A8D00FC4593 /* MyCollectionViewController.m */,
				04B5AB791AC99BE3008538E7 /* MyCollectionViewCell.h */,
				04B5AB7A1AC99BE3008538E7 /* MyCollectionViewCell.m */,
				04B5AB7C1AC99BF2008538E7 /* MyCollectionViewCell.xib */,
			);
			path = uicollectionview;
			sourceTree = "<group>";
		};
		04BA25D31AC978E900FC4593 /* Supporting Files */ = {
			isa = PBXGroup;
			children = (
				04BA25D41AC978E900FC4593 /* Info.plist */,
				04BA25D51AC978E900FC4593 /* main.m */,
			);
			name = "Supporting Files";
			sourceTree = "<group>";
		};
		04BA25EC1AC978E900FC4593 /* uicollectionviewTests */ = {
			isa = PBXGroup;
			children = (
				04BA25EF1AC978E900FC4593 /* uicollectionviewTests.m */,
				04BA25ED1AC978E900FC4593 /* Supporting Files */,
			);
			path = uicollectionviewTests;
			sourceTree = "<group>";
		};
		04BA25ED1AC978E900FC4593 /* Supporting Files */ = {
			isa = PBXGroup;
			children = (
				04BA25EE1AC978E900FC4593 /* Info.plist */,
			);
			name = "Supporting Files";
			sourceTree = "<group>";
		};
/* End PBXGroup section */

/* Begin PBXNativeTarget section */
		04BA25CF1AC978E900FC4593 /* uicollectionview */ = {
			isa = PBXNativeTarget;
			buildConfigurationList = 04BA25F31AC978E900FC4593 /* Build configuration list for PBXNativeTarget "uicollectionview" */;
			buildPhases = (
				04BA25CC1AC978E900FC4593 /* Sources */,
				04BA25CD1AC978E900FC4593 /* Frameworks */,
				04BA25CE1AC978E900FC4593 /* Resources */,
			);
			buildRules = (
			);
			dependencies = (
			);
			name = uicollectionview;
			productName = uicollectionview;
			productReference = 04BA25D01AC978E900FC4593 /* uicollectionview.app */;
			productType = "com.apple.product-type.application";
		};
		04BA25E81AC978E900FC4593 /* uicollectionviewTests */ = {
			isa = PBXNativeTarget;
			buildConfigurationList = 04BA25F61AC978E900FC4593 /* Build configuration list for PBXNativeTarget "uicollectionviewTests" */;
			buildPhases = (
				04BA25E51AC978E900FC4593 /* Sources */,
				04BA25E61AC978E900FC4593 /* Frameworks */,
				04BA25E71AC978E900FC4593 /* Resources */,
			);
			buildRules = (
			);
			dependencies = (
				04BA25EB1AC978E900FC4593 /* PBXTargetDependency */,
			);
			name = uicollectionviewTests;
			productName = uicollectionviewTests;
			productReference = 04BA25E91AC978E900FC4593 /* uicollectionviewTests.xctest */;
			productType = "com.apple.product-type.bundle.unit-test";
		};
/* End PBXNativeTarget section */

/* Begin PBXProject section */
		04BA25C81AC978E900FC4593 /* Project object */ = {
			isa = PBXProject;
			attributes = {
				LastUpgradeCheck = 0610;
				ORGANIZATIONNAME = mac;
				TargetAttributes = {
					04BA25CF1AC978E900FC4593 = {
						CreatedOnToolsVersion = 6.1.1;
					};
					04BA25E81AC978E900FC4593 = {
						CreatedOnToolsVersion = 6.1.1;
						TestTargetID = 04BA25CF1AC978E900FC4593;
					};
				};
			};
			buildConfigurationList = 04BA25CB1AC978E900FC4593 /* Build configuration list for PBXProject "uicollectionview" */;
			compatibilityVersion = "Xcode 3.2";
			developmentRegion = English;
			hasScannedForEncodings = 0;
			knownRegions = (
				en,
				Base,
			);
			mainGroup = 04BA25C71AC978E900FC4593;
			productRefGroup = 04BA25D11AC978E900FC4593 /* Products */;
			projectDirPath = "";
			projectRoot = "";
			targets = (
				04BA25CF1AC978E900FC4593 /* uicollectionview */,
				04BA25E81AC978E900FC4593 /* uicollectionviewTests */,
			);
		};
/* End PBXProject section */

/* Begin PBXResourcesBuildPhase section */
		04BA25CE1AC978E900FC4593 /* Resources */ = {
			isa = PBXResourcesBuildPhase;
			buildActionMask = 2147483647;
			files = (
				04BA25DF1AC978E900FC4593 /* Main.storyboard in Resources */,
				04BA25E41AC978E900FC4593 /* LaunchScreen.xib in Resources */,
				04B5AB7D1AC99BF2008538E7 /* MyCollectionViewCell.xib in Resources */,
				04BA25E11AC978E900FC4593 /* Images.xcassets in Resources */,
			);
			runOnlyForDeploymentPostprocessing = 0;
		};
		04BA25E71AC978E900FC4593 /* Resources */ = {
			isa = PBXResourcesBuildPhase;
			buildActionMask = 2147483647;
			files = (
			);
			runOnlyForDeploymentPostprocessing = 0;
		};
/* End PBXResourcesBuildPhase section */

/* Begin PBXSourcesBuildPhase section */
		04BA25CC1AC978E900FC4593 /* Sources */ = {
			isa = PBXSourcesBuildPhase;
			buildActionMask = 2147483647;
			files = (
				04BA25FB1AC97A8D00FC4593 /* MyCollectionViewController.m in Sources */,
				04BA25D91AC978E900FC4593 /* AppDelegate.m in Sources */,
				04B5AB7B1AC99BE3008538E7 /* MyCollectionViewCell.m in Sources */,
				04BA25D61AC978E900FC4593 /* main.m in Sources */,
			);
			runOnlyForDeploymentPostprocessing = 0;
		};
		04BA25E51AC978E900FC4593 /* Sources */ = {
			isa = PBXSourcesBuildPhase;
			buildActionMask = 2147483647;
			files = (
				04BA25F01AC978E900FC4593 /* uicollectionviewTests.m in Sources */,
			);
			runOnlyForDeploymentPostprocessing = 0;
		};
/* End PBXSourcesBuildPhase section */

/* Begin PBXTargetDependency section */
		04BA25EB1AC978E900FC4593 /* PBXTargetDependency */ = {
			isa = PBXTargetDependency;
			target = 04BA25CF1AC978E900FC4593 /* uicollectionview */;
			targetProxy = 04BA25EA1AC978E900FC4593 /* PBXContainerItemProxy */;
		};
/* End PBXTargetDependency section */

/* Begin PBXVariantGroup section */
		04BA25DD1AC978E900FC4593 /* Main.storyboard */ = {
			isa = PBXVariantGroup;
			children = (
				04BA25DE1AC978E900FC4593 /* Base */,
			);
			name = Main.storyboard;
			sourceTree = "<group>";
		};
		04BA25E21AC978E900FC4593 /* LaunchScreen.xib */ = {
			isa = PBXVariantGroup;
			children = (
				04BA25E31AC978E900FC4593 /* Base */,
			);
			name = LaunchScreen.xib;
			sourceTree = "<group>";
		};
/* End PBXVariantGroup section */

/* Begin XCBuildConfiguration section */
		04BA25F11AC978E900FC4593 /* Debug */ = {
			isa = XCBuildConfiguration;
			buildSettings = {
				ALWAYS_SEARCH_USER_PATHS = NO;
				CLANG_CXX_LANGUAGE_STANDARD = "gnu++0x";
				CLANG_CXX_LIBRARY = "libc++";
				CLANG_ENABLE_MODULES = YES;
				CLANG_ENABLE_OBJC_ARC = YES;
				CLANG_WARN_BOOL_CONVERSION = YES;
				CLANG_WARN_CONSTANT_CONVERSION = YES;
				CLANG_WARN_DIRECT_OBJC_ISA_USAGE = YES_ERROR;
				CLANG_WARN_EMPTY_BODY = YES;
				CLANG_WARN_ENUM_CONVERSION = YES;
				CLANG_WARN_INT_CONVERSION = YES;
				CLANG_WARN_OBJC_ROOT_CLASS = YES_ERROR;
				CLANG_WARN_UNREACHABLE_CODE = YES;
				CLANG_WARN__DUPLICATE_METHOD_MATCH = YES;
				"CODE_SIGN_IDENTITY[sdk=iphoneos*]" = "iPhone Developer";
				COPY_PHASE_STRIP = NO;
				ENABLE_STRICT_OBJC_MSGSEND = YES;
				GCC_C_LANGUAGE_STANDARD = gnu99;
				GCC_DYNAMIC_NO_PIC = NO;
				GCC_OPTIMIZATION_LEVEL = 0;
				GCC_PREPROCESSOR_DEFINITIONS = (
					"DEBUG=1",
					"$(inherited)",
				);
				GCC_SYMBOLS_PRIVATE_EXTERN = NO;
				GCC_WARN_64_TO_32_BIT_CONVERSION = YES;
				GCC_WARN_ABOUT_RETURN_TYPE = YES_ERROR;
				GCC_WARN_UNDECLARED_SELECTOR = YES;
				GCC_WARN_UNINITIALIZED_AUTOS = YES_AGGRESSIVE;
				GCC_WARN_UNUSED_FUNCTION = YES;
				GCC_WARN_UNUSED_VARIABLE = YES;
				IPHONEOS_DEPLOYMENT_TARGET = 8.1;
				MTL_ENABLE_DEBUG_INFO = YES;
				ONLY_ACTIVE_ARCH = YES;
				SDKROOT = iphoneos;
			};
			name = Debug;
		};
		04BA25F21AC978E900FC4593 /* Release */ = {
			isa = XCBuildConfiguration;
			buildSettings = {
				ALWAYS_SEARCH_USER_PATHS = NO;
				CLANG_CXX_LANGUAGE_STANDARD = "gnu++0x";
				CLANG_CXX_LIBRARY = "libc++";
				CLANG_ENABLE_MODULES = YES;
				CLANG_ENABLE_OBJC_ARC = YES;
				CLANG_WARN_BOOL_CONVERSION = YES;
				CLANG_WARN_CONSTANT_CONVERSION = YES;
				CLANG_WARN_DIRECT_OBJC_ISA_USAGE = YES_ERROR;
				CLANG_WARN_EMPTY_BODY = YES;
				CLANG_WARN_ENUM_CONVERSION = YES;
				CLANG_WARN_INT_CONVERSION = YES;
				CLANG_WARN_OBJC_ROOT_CLASS = YES_ERROR;
				CLANG_WARN_UNREACHABLE_CODE = YES;
				CLANG_WARN__DUPLICATE_METHOD_MATCH = YES;
				"CODE_SIGN_IDENTITY[sdk=iphoneos*]" = "iPhone Developer";
				COPY_PHASE_STRIP = YES;
				ENABLE_NS_ASSERTIONS = NO;
				ENABLE_STRICT_OBJC_MSGSEND = YES;
				GCC_C_LANGUAGE_STANDARD = gnu99;
				GCC_WARN_64_TO_32_BIT_CONVERSION = YES;
				GCC_WARN_ABOUT_RETURN_TYPE = YES_ERROR;
				GCC_WARN_UNDECLARED_SELECTOR = YES;
				GCC_WARN_UNINITIALIZED_AUTOS = YES_AGGRESSIVE;
				GCC_WARN_UNUSED_FUNCTION = YES;
				GCC_WARN_UNUSED_VARIABLE = YES;
				IPHONEOS_DEPLOYMENT_TARGET = 8.1;
				MTL_ENABLE_DEBUG_INFO = NO;
				SDKROOT = iphoneos;
				VALIDATE_PRODUCT = YES;
			};
			name = Release;
		};
		04BA25F41AC978E900FC4593 /* Debug */ = {
			isa = XCBuildConfiguration;
			buildSettings = {
				ASSETCATALOG_COMPILER_APPICON_NAME = AppIcon;
				INFOPLIST_FILE = uicollectionview/Info.plist;
				LD_RUNPATH_SEARCH_PATHS = "$(inherited) @executable_path/Frameworks";
				PRODUCT_NAME = "$(TARGET_NAME)";
			};
			name = Debug;
		};
		04BA25F51AC978E900FC4593 /* Release */ = {
			isa = XCBuildConfiguration;
			buildSettings = {
				ASSETCATALOG_COMPILER_APPICON_NAME = AppIcon;
				INFOPLIST_FILE = uicollectionview/Info.plist;
				LD_RUNPATH_SEARCH_PATHS = "$(inherited) @executable_path/Frameworks";
				PRODUCT_NAME = "$(TARGET_NAME)";
			};
			name = Release;
		};
		04BA25F71AC978E900FC4593 /* Debug */ = {
			isa = XCBuildConfiguration;
			buildSettings = {
				BUNDLE_LOADER = "$(TEST_HOST)";
				FRAMEWORK_SEARCH_PATHS = (
					"$(SDKROOT)/Developer/Library/Frameworks",
					"$(inherited)",
				);
				GCC_PREPROCESSOR_DEFINITIONS = (
					"DEBUG=1",
					"$(inherited)",
				);
				INFOPLIST_FILE = uicollectionviewTests/Info.plist;
				LD_RUNPATH_SEARCH_PATHS = "$(inherited) @executable_path/Frameworks @loader_path/Frameworks";
				PRODUCT_NAME = "$(TARGET_NAME)";
				TEST_HOST = "$(BUILT_PRODUCTS_DIR)/uicollectionview.app/uicollectionview";
			};
			name = Debug;
		};
		04BA25F81AC978E900FC4593 /* Release */ = {
			isa = XCBuildConfiguration;
			buildSettings = {
				BUNDLE_LOADER = "$(TEST_HOST)";
				FRAMEWORK_SEARCH_PATHS = (
					"$(SDKROOT)/Developer/Library/Frameworks",
					"$(inherited)",
				);
				INFOPLIST_FILE = uicollectionviewTests/Info.plist;
				LD_RUNPATH_SEARCH_PATHS = "$(inherited) @executable_path/Frameworks @loader_path/Frameworks";
				PRODUCT_NAME = "$(TARGET_NAME)";
				TEST_HOST = "$(BUILT_PRODUCTS_DIR)/uicollectionview.app/uicollectionview";
			};
			name = Release;
		};
/* End XCBuildConfiguration section */

/* Begin XCConfigurationList section */
		04BA25CB1AC978E900FC4593 /* Build configuration list for PBXProject "uicollectionview" */ = {
			isa = XCConfigurationList;
			buildConfigurations = (
				04BA25F11AC978E900FC4593 /* Debug */,
				04BA25F21AC978E900FC4593 /* Release */,
			);
			defaultConfigurationIsVisible = 0;
			defaultConfigurationName = Release;
		};
		04BA25F31AC978E900FC4593 /* Build configuration list for PBXNativeTarget "uicollectionview" */ = {
			isa = XCConfigurationList;
			buildConfigurations = (
				04BA25F41AC978E900FC4593 /* Debug */,
				04BA25F51AC978E900FC4593 /* Release */,
			);
			defaultConfigurationIsVisible = 0;
			defaultConfigurationName = Release;
		};
		04BA25F61AC978E900FC4593 /* Build configuration list for PBXNativeTarget "uicollectionviewTests" */ = {
			isa = XCConfigurationList;
			buildConfigurations = (
				04BA25F71AC978E900FC4593 /* Debug */,
				04BA25F81AC978E900FC4593 /* Release */,
			);
			defaultConfigurationIsVisible = 0;
			defaultConfigurationName = Release;
		};
/* End XCConfigurationList section */
	};
	rootObject = 04BA25C81AC978E900FC4593 /* Project object */;
}
